
Microsoft Visual Studio Solution File, Format Version 12.00
# Visual Studio Version 16
VisualStudioVersion = 16.0.30621.155
MinimumVisualStudioVersion = 10.0.40219.1
Project("{FAE04EC0-301F-11D3-BF4B-00C04F79EFBC}") = "Bezpieczeństwo", "Bezpieczeństwo\Bezpieczeństwo.csproj", "{B838FF44-06C7-47F2-85F2-D98001FEE097}"
EndProject
Global
	GlobalSection(SolutionConfigurationPlatforms) = preSolution
		Debug|Any CPU = Debug|Any CPU
		Release|Any CPU = Release|Any CPU
	EndGlobalSection
	GlobalSection(ProjectConfigurationPlatforms) = postSolution
		{B838FF44-06C7-47F2-85F2-D98001FEE097}.Debug|Any CPU.ActiveCfg = Debug|Any CPU
		{B838FF44-06C7-47F2-85F2-D98001FEE097}.Debug|Any CPU.Build.0 = Debug|Any CPU
		{B838FF44-06C7-47F2-85F2-D98001FEE097}.Release|Any CPU.ActiveCfg = Release|Any CPU
		{B838FF44-06C7-47F2-85F2-D98001FEE097}.Release|Any CPU.Build.0 = Release|Any CPU
	EndGlobalSection
	GlobalSection(SolutionProperties) = preSolution
		HideSolutionNode = FALSE
	EndGlobalSection
	GlobalSection(ExtensibilityGlobals) = postSolution
		SolutionGuid = {03A866F9-DF98-4596-9EF7-30B699CDFB8A}
	EndGlobalSection
EndGlobal
